
Microsoft Visual Studio Solution File, Format Version 12.00
# Visual Studio Version 17
VisualStudioVersion = 17.0.32014.148
MinimumVisualStudioVersion = 10.0.40219.1
Project("{FAE04EC0-301F-11D3-BF4B-00C04F79EFBC}") = "OperatorExercise", "OperatorExercise\OperatorExercise.csproj", "{4BA1319F-5350-458A-AED0-188AF18AF89D}"
EndProject
Global
	GlobalSection(SolutionConfigurationPlatforms) = preSolution
		Debug|Any CPU = Debug|Any CPU
		Release|Any CPU = Release|Any CPU
	EndGlobalSection
	GlobalSection(ProjectConfigurationPlatforms) = postSolution
		{4BA1319F-5350-458A-AED0-188AF18AF89D}.Debug|Any CPU.ActiveCfg = Debug|Any CPU
		{4BA1319F-5350-458A-AED0-188AF18AF89D}.Debug|Any CPU.Build.0 = Debug|Any CPU
		{4BA1319F-5350-458A-AED0-188AF18AF89D}.Release|Any CPU.ActiveCfg = Release|Any CPU
		{4BA1319F-5350-458A-AED0-188AF18AF89D}.Release|Any CPU.Build.0 = Release|Any CPU
	EndGlobalSection
	GlobalSection(SolutionProperties) = preSolution
		HideSolutionNode = FALSE
	EndGlobalSection
	GlobalSection(ExtensibilityGlobals) = postSolution
		SolutionGuid = {60A8EB54-8B1D-454F-A653-409A4C2D529B}
	EndGlobalSection
EndGlobal
